// !$*UTF8*$!
{
	archiveVersion = 1;
	classes = {
	};
	objectVersion = 50;
	objects = {

/* Begin PBXBuildFile section */
		291F03D4230BEE7C007DB611 /* README.md in Resources */ = {isa = PBXBuildFile; fileRef = 291F03D3230BEE7B007DB611 /* README.md */; };
		29C17E20230BC83E009211C7 /* AppDelegate.swift in Sources */ = {isa = PBXBuildFile; fileRef = 29C17E1F230BC83E009211C7 /* AppDelegate.swift */; };
		29C17E22230BC83E009211C7 /* ViewController.swift in Sources */ = {isa = PBXBuildFile; fileRef = 29C17E21230BC83E009211C7 /* ViewController.swift */; };
		29C17E25230BC83E009211C7 /* Main.storyboard in Resources */ = {isa = PBXBuildFile; fileRef = 29C17E23230BC83E009211C7 /* Main.storyboard */; };
		29C17E27230BC83F009211C7 /* Assets.xcassets in Resources */ = {isa = PBXBuildFile; fileRef = 29C17E26230BC83F009211C7 /* Assets.xcassets */; };
		29C17E2A230BC83F009211C7 /* LaunchScreen.storyboard in Resources */ = {isa = PBXBuildFile; fileRef = 29C17E28230BC83F009211C7 /* LaunchScreen.storyboard */; };
		29C17E35230BC83F009211C7 /* browserTests.swift in Sources */ = {isa = PBXBuildFile; fileRef = 29C17E34230BC83F009211C7 /* browserTests.swift */; };
		29C17E40230BC83F009211C7 /* browserUITests.swift in Sources */ = {isa = PBXBuildFile; fileRef = 29C17E3F230BC83F009211C7 /* browserUITests.swift */; };
		29C17E4F230BCA13009211C7 /* WebKit.framework in Frameworks */ = {isa = PBXBuildFile; fileRef = 29C17E4E230BCA13009211C7 /* WebKit.framework */; };
		29C17E51230BCB24009211C7 /* BookmarkTableViewController.swift in Sources */ = {isa = PBXBuildFile; fileRef = 29C17E50230BCB24009211C7 /* BookmarkTableViewController.swift */; };
		29C17E56230BCBF3009211C7 /* Localizable.strings in Resources */ = {isa = PBXBuildFile; fileRef = 29C17E58230BCBF3009211C7 /* Localizable.strings */; };
		29C17E5C230BCCEB009211C7 /* InfoPlist.strings in Resources */ = {isa = PBXBuildFile; fileRef = 29C17E5E230BCCEB009211C7 /* InfoPlist.strings */; };
/* End PBXBuildFile section */

/* Begin PBXContainerItemProxy section */
		29C17E31230BC83F009211C7 /* PBXContainerItemProxy */ = {
			isa = PBXContainerItemProxy;
			containerPortal = 29C17E14230BC83E009211C7 /* Project object */;
			proxyType = 1;
			remoteGlobalIDString = 29C17E1B230BC83E009211C7;
			remoteInfo = browser;
		};
		29C17E3C230BC83F009211C7 /* PBXContainerItemProxy */ = {
			isa = PBXContainerItemProxy;
			containerPortal = 29C17E14230BC83E009211C7 /* Project object */;
			proxyType = 1;
			remoteGlobalIDString = 29C17E1B230BC83E009211C7;
			remoteInfo = browser;
		};
/* End PBXContainerItemProxy section */

/* Begin PBXFileReference section */
		291F03D3230BEE7B007DB611 /* README.md */ = {isa = PBXFileReference; fileEncoding = 4; lastKnownFileType = net.daringfireball.markdown; path = README.md; sourceTree = "<group>"; };
		29C17E1C230BC83E009211C7 /* browser.app */ = {isa = PBXFileReference; explicitFileType = wrapper.application; includeInIndex = 0; path = browser.app; sourceTree = BUILT_PRODUCTS_DIR; };
		29C17E1F230BC83E009211C7 /* AppDelegate.swift */ = {isa = PBXFileReference; lastKnownFileType = sourcecode.swift; path = AppDelegate.swift; sourceTree = "<group>"; };
		29C17E21230BC83E009211C7 /* ViewController.swift */ = {isa = PBXFileReference; lastKnownFileType = sourcecode.swift; path = ViewController.swift; sourceTree = "<group>"; };
		29C17E24230BC83E009211C7 /* Base */ = {isa = PBXFileReference; lastKnownFileType = file.storyboard; name = Base; path = Base.lproj/Main.storyboard; sourceTree = "<group>"; };
		29C17E26230BC83F009211C7 /* Assets.xcassets */ = {isa = PBXFileReference; lastKnownFileType = folder.assetcatalog; path = Assets.xcassets; sourceTree = "<group>"; };
		29C17E29230BC83F009211C7 /* Base */ = {isa = PBXFileReference; lastKnownFileType = file.storyboard; name = Base; path = Base.lproj/LaunchScreen.storyboard; sourceTree = "<group>"; };
		29C17E2B230BC83F009211C7 /* Info.plist */ = {isa = PBXFileReference; lastKnownFileType = text.plist.xml; path = Info.plist; sourceTree = "<group>"; };
		29C17E30230BC83F009211C7 /* browserTests.xctest */ = {isa = PBXFileReference; explicitFileType = wrapper.cfbundle; includeInIndex = 0; path = browserTests.xctest; sourceTree = BUILT_PRODUCTS_DIR; };
		29C17E34230BC83F009211C7 /* browserTests.swift */ = {isa = PBXFileReference; lastKnownFileType = sourcecode.swift; path = browserTests.swift; sourceTree = "<group>"; };
		29C17E36230BC83F009211C7 /* Info.plist */ = {isa = PBXFileReference; lastKnownFileType = text.plist.xml; path = Info.plist; sourceTree = "<group>"; };
		29C17E3B230BC83F009211C7 /* browserUITests.xctest */ = {isa = PBXFileReference; explicitFileType = wrapper.cfbundle; includeInIndex = 0; path = browserUITests.xctest; sourceTree = BUILT_PRODUCTS_DIR; };
		29C17E3F230BC83F009211C7 /* browserUITests.swift */ = {isa = PBXFileReference; lastKnownFileType = sourcecode.swift; path = browserUITests.swift; sourceTree = "<group>"; };
		29C17E41230BC83F009211C7 /* Info.plist */ = {isa = PBXFileReference; lastKnownFileType = text.plist.xml; path = Info.plist; sourceTree = "<group>"; };
		29C17E4E230BCA13009211C7 /* WebKit.framework */ = {isa = PBXFileReference; lastKnownFileType = wrapper.framework; name = WebKit.framework; path = System/Library/Frameworks/WebKit.framework; sourceTree = SDKROOT; };
		29C17E50230BCB24009211C7 /* BookmarkTableViewController.swift */ = {isa = PBXFileReference; lastKnownFileType = sourcecode.swift; path = BookmarkTableViewController.swift; sourceTree = "<group>"; };
		29C17E52230BCBB2009211C7 /* ja */ = {isa = PBXFileReference; lastKnownFileType = text.plist.strings; name = ja; path = ja.lproj/Main.strings; sourceTree = "<group>"; };
		29C17E53230BCBB2009211C7 /* ja */ = {isa = PBXFileReference; lastKnownFileType = text.plist.strings; name = ja; path = ja.lproj/LaunchScreen.strings; sourceTree = "<group>"; };
		29C17E57230BCBF3009211C7 /* en */ = {isa = PBXFileReference; lastKnownFileType = text.plist.strings; name = en; path = en.lproj/Localizable.strings; sourceTree = "<group>"; };
		29C17E59230BCBF4009211C7 /* ja */ = {isa = PBXFileReference; lastKnownFileType = text.plist.strings; name = ja; path = ja.lproj/Localizable.strings; sourceTree = "<group>"; };
		29C17E5D230BCCEB009211C7 /* en */ = {isa = PBXFileReference; lastKnownFileType = text.plist.strings; name = en; path = en.lproj/InfoPlist.strings; sourceTree = "<group>"; };
		29C17E5F230BCCEC009211C7 /* ja */ = {isa = PBXFileReference; lastKnownFileType = text.plist.strings; name = ja; path = ja.lproj/InfoPlist.strings; sourceTree = "<group>"; };
/* End PBXFileReference section */

/* Begin PBXFrameworksBuildPhase section */
		29C17E19230BC83E009211C7 /* Frameworks */ = {
			isa = PBXFrameworksBuildPhase;
			buildActionMask = 2147483647;
			files = (
				29C17E4F230BCA13009211C7 /* WebKit.framework in Frameworks */,
			);
			runOnlyForDeploymentPostprocessing = 0;
		};
		29C17E2D230BC83F009211C7 /* Frameworks */ = {
			isa = PBXFrameworksBuildPhase;
			buildActionMask = 2147483647;
			files = (
			);
			runOnlyForDeploymentPostprocessing = 0;
		};
		29C17E38230BC83F009211C7 /* Frameworks */ = {
			isa = PBXFrameworksBuildPhase;
			buildActionMask = 2147483647;
			files = (
			);
			runOnlyForDeploymentPostprocessing = 0;
		};
/* End PBXFrameworksBuildPhase section */

/* Begin PBXGroup section */
		29C17E13230BC83E009211C7 = {
			isa = PBXGroup;
			children = (
				291F03D3230BEE7B007DB611 /* README.md */,
				29C17E1E230BC83E009211C7 /* browser */,
				29C17E33230BC83F009211C7 /* browserTests */,
				29C17E3E230BC83F009211C7 /* browserUITests */,
				29C17E1D230BC83E009211C7 /* Products */,
				29C17E4D230BCA12009211C7 /* Frameworks */,
			);
			sourceTree = "<group>";
		};
		29C17E1D230BC83E009211C7 /* Products */ = {
			isa = PBXGroup;
			children = (
				29C17E1C230BC83E009211C7 /* browser.app */,
				29C17E30230BC83F009211C7 /* browserTests.xctest */,
				29C17E3B230BC83F009211C7 /* browserUITests.xctest */,
			);
			name = Products;
			sourceTree = "<group>";
		};
		29C17E1E230BC83E009211C7 /* browser */ = {
			isa = PBXGroup;
			children = (
				29C17E1F230BC83E009211C7 /* AppDelegate.swift */,
				29C17E21230BC83E009211C7 /* ViewController.swift */,
				29C17E50230BCB24009211C7 /* BookmarkTableViewController.swift */,
				29C17E23230BC83E009211C7 /* Main.storyboard */,
				29C17E26230BC83F009211C7 /* Assets.xcassets */,
				29C17E28230BC83F009211C7 /* LaunchScreen.storyboard */,
				29C17E2B230BC83F009211C7 /* Info.plist */,
				29C17E5E230BCCEB009211C7 /* InfoPlist.strings */,
				29C17E58230BCBF3009211C7 /* Localizable.strings */,
			);
			path = browser;
			sourceTree = "<group>";
		};
		29C17E33230BC83F009211C7 /* browserTests */ = {
			isa = PBXGroup;
			children = (
				29C17E34230BC83F009211C7 /* browserTests.swift */,
				29C17E36230BC83F009211C7 /* Info.plist */,
			);
			path = browserTests;
			sourceTree = "<group>";
		};
		29C17E3E230BC83F009211C7 /* browserUITests */ = {
			isa = PBXGroup;
			children = (
				29C17E3F230BC83F009211C7 /* browserUITests.swift */,
				29C17E41230BC83F009211C7 /* Info.plist */,
			);
			path = browserUITests;
			sourceTree = "<group>";
		};
		29C17E4D230BCA12009211C7 /* Frameworks */ = {
			isa = PBXGroup;
			children = (
				29C17E4E230BCA13009211C7 /* WebKit.framework */,
			);
			name = Frameworks;
			sourceTree = "<group>";
		};
/* End PBXGroup section */

/* Begin PBXNativeTarget section */
		29C17E1B230BC83E009211C7 /* browser */ = {
			isa = PBXNativeTarget;
			buildConfigurationList = 29C17E44230BC83F009211C7 /* Build configuration list for PBXNativeTarget "browser" */;
			buildPhases = (
				29C17E18230BC83E009211C7 /* Sources */,
				29C17E19230BC83E009211C7 /* Frameworks */,
				29C17E1A230BC83E009211C7 /* Resources */,
			);
			buildRules = (
			);
			dependencies = (
			);
			name = browser;
			productName = browser;
			productReference = 29C17E1C230BC83E009211C7 /* browser.app */;
			productType = "com.apple.product-type.application";
		};
		29C17E2F230BC83F009211C7 /* browserTests */ = {
			isa = PBXNativeTarget;
			buildConfigurationList = 29C17E47230BC83F009211C7 /* Build configuration list for PBXNativeTarget "browserTests" */;
			buildPhases = (
				29C17E2C230BC83F009211C7 /* Sources */,
				29C17E2D230BC83F009211C7 /* Frameworks */,
				29C17E2E230BC83F009211C7 /* Resources */,
			);
			buildRules = (
			);
			dependencies = (
				29C17E32230BC83F009211C7 /* PBXTargetDependency */,
			);
			name = browserTests;
			productName = browserTests;
			productReference = 29C17E30230BC83F009211C7 /* browserTests.xctest */;
			productType = "com.apple.product-type.bundle.unit-test";
		};
		29C17E3A230BC83F009211C7 /* browserUITests */ = {
			isa = PBXNativeTarget;
			buildConfigurationList = 29C17E4A230BC83F009211C7 /* Build configuration list for PBXNativeTarget "browserUITests" */;
			buildPhases = (
				29C17E37230BC83F009211C7 /* Sources */,
				29C17E38230BC83F009211C7 /* Frameworks */,
				29C17E39230BC83F009211C7 /* Resources */,
			);
			buildRules = (
			);
			dependencies = (
				29C17E3D230BC83F009211C7 /* PBXTargetDependency */,
			);
			name = browserUITests;
			productName = browserUITests;
			productReference = 29C17E3B230BC83F009211C7 /* browserUITests.xctest */;
			productType = "com.apple.product-type.bundle.ui-testing";
		};
/* End PBXNativeTarget section */

/* Begin PBXProject section */
		29C17E14230BC83E009211C7 /* Project object */ = {
			isa = PBXProject;
			attributes = {
				LastSwiftUpdateCheck = 1020;
				LastUpgradeCheck = 1020;
				ORGANIZATIONNAME = "Crunchtimer Inc.";
				TargetAttributes = {
					29C17E1B230BC83E009211C7 = {
						CreatedOnToolsVersion = 10.2.1;
					};
					29C17E2F230BC83F009211C7 = {
						CreatedOnToolsVersion = 10.2.1;
						TestTargetID = 29C17E1B230BC83E009211C7;
					};
					29C17E3A230BC83F009211C7 = {
						CreatedOnToolsVersion = 10.2.1;
						TestTargetID = 29C17E1B230BC83E009211C7;
					};
				};
			};
			buildConfigurationList = 29C17E17230BC83E009211C7 /* Build configuration list for PBXProject "browser" */;
			compatibilityVersion = "Xcode 9.3";
			developmentRegion = en;
			hasScannedForEncodings = 0;
			knownRegions = (
				en,
				Base,
				ja,
			);
			mainGroup = 29C17E13230BC83E009211C7;
			productRefGroup = 29C17E1D230BC83E009211C7 /* Products */;
			projectDirPath = "";
			projectRoot = "";
			targets = (
				29C17E1B230BC83E009211C7 /* browser */,
				29C17E2F230BC83F009211C7 /* browserTests */,
				29C17E3A230BC83F009211C7 /* browserUITests */,
			);
		};
/* End PBXProject section */

/* Begin PBXResourcesBuildPhase section */
		29C17E1A230BC83E009211C7 /* Resources */ = {
			isa = PBXResourcesBuildPhase;
			buildActionMask = 2147483647;
			files = (
				291F03D4230BEE7C007DB611 /* README.md in Resources */,
				29C17E2A230BC83F009211C7 /* LaunchScreen.storyboard in Resources */,
				29C17E56230BCBF3009211C7 /* Localizable.strings in Resources */,
				29C17E27230BC83F009211C7 /* Assets.xcassets in Resources */,
				29C17E25230BC83E009211C7 /* Main.storyboard in Resources */,
				29C17E5C230BCCEB009211C7 /* InfoPlist.strings in Resources */,
			);
			runOnlyForDeploymentPostprocessing = 0;
		};
		29C17E2E230BC83F009211C7 /* Resources */ = {
			isa = PBXResourcesBuildPhase;
			buildActionMask = 2147483647;
			files = (
			);
			runOnlyForDeploymentPostprocessing = 0;
		};
		29C17E39230BC83F009211C7 /* Resources */ = {
			isa = PBXResourcesBuildPhase;
			buildActionMask = 2147483647;
			files = (
			);
			runOnlyForDeploymentPostprocessing = 0;
		};
/* End PBXResourcesBuildPhase section */

/* Begin PBXSourcesBuildPhase section */
		29C17E18230BC83E009211C7 /* Sources */ = {
			isa = PBXSourcesBuildPhase;
			buildActionMask = 2147483647;
			files = (
				29C17E51230BCB24009211C7 /* BookmarkTableViewController.swift in Sources */,
				29C17E22230BC83E009211C7 /* ViewController.swift in Sources */,
				29C17E20230BC83E009211C7 /* AppDelegate.swift in Sources */,
			);
			runOnlyForDeploymentPostprocessing = 0;
		};
		29C17E2C230BC83F009211C7 /* Sources */ = {
			isa = PBXSourcesBuildPhase;
			buildActionMask = 2147483647;
			files = (
				29C17E35230BC83F009211C7 /* browserTests.swift in Sources */,
			);
			runOnlyForDeploymentPostprocessing = 0;
		};
		29C17E37230BC83F009211C7 /* Sources */ = {
			isa = PBXSourcesBuildPhase;
			buildActionMask = 2147483647;
			files = (
				29C17E40230BC83F009211C7 /* browserUITests.swift in Sources */,
			);
			runOnlyForDeploymentPostprocessing = 0;
		};
/* End PBXSourcesBuildPhase section */

/* Begin PBXTargetDependency section */
		29C17E32230BC83F009211C7 /* PBXTargetDependency */ = {
			isa = PBXTargetDependency;
			target = 29C17E1B230BC83E009211C7 /* browser */;
			targetProxy = 29C17E31230BC83F009211C7 /* PBXContainerItemProxy */;
		};
		29C17E3D230BC83F009211C7 /* PBXTargetDependency */ = {
			isa = PBXTargetDependency;
			target = 29C17E1B230BC83E009211C7 /* browser */;
			targetProxy = 29C17E3C230BC83F009211C7 /* PBXContainerItemProxy */;
		};
/* End PBXTargetDependency section */

/* Begin PBXVariantGroup section */
		29C17E23230BC83E009211C7 /* Main.storyboard */ = {
			isa = PBXVariantGroup;
			children = (
				29C17E24230BC83E009211C7 /* Base */,
				29C17E52230BCBB2009211C7 /* ja */,
			);
			name = Main.storyboard;
			sourceTree = "<group>";
		};
		29C17E28230BC83F009211C7 /* LaunchScreen.storyboard */ = {
			isa = PBXVariantGroup;
			children = (
				29C17E29230BC83F009211C7 /* Base */,
				29C17E53230BCBB2009211C7 /* ja */,
			);
			name = LaunchScreen.storyboard;
			sourceTree = "<group>";
		};
		29C17E58230BCBF3009211C7 /* Localizable.strings */ = {
			isa = PBXVariantGroup;
			children = (
				29C17E57230BCBF3009211C7 /* en */,
				29C17E59230BCBF4009211C7 /* ja */,
			);
			name = Localizable.strings;
			sourceTree = "<group>";
		};
		29C17E5E230BCCEB009211C7 /* InfoPlist.strings */ = {
			isa = PBXVariantGroup;
			children = (
				29C17E5D230BCCEB009211C7 /* en */,
				29C17E5F230BCCEC009211C7 /* ja */,
			);
			name = InfoPlist.strings;
			sourceTree = "<group>";
		};
/* End PBXVariantGroup section */

/* Begin XCBuildConfiguration section */
		29C17E42230BC83F009211C7 /* Debug */ = {
			isa = XCBuildConfiguration;
			buildSettings = {
				ALWAYS_SEARCH_USER_PATHS = NO;
				CLANG_ANALYZER_LOCALIZABILITY_NONLOCALIZED = YES;
				CLANG_ANALYZER_NONNULL = YES;
				CLANG_ANALYZER_NUMBER_OBJECT_CONVERSION = YES_AGGRESSIVE;
				CLANG_CXX_LANGUAGE_STANDARD = "gnu++14";
				CLANG_CXX_LIBRARY = "libc++";
				CLANG_ENABLE_MODULES = YES;
				CLANG_ENABLE_OBJC_ARC = YES;
				CLANG_ENABLE_OBJC_WEAK = YES;
				CLANG_WARN_BLOCK_CAPTURE_AUTORELEASING = YES;
				CLANG_WARN_BOOL_CONVERSION = YES;
				CLANG_WARN_COMMA = YES;
				CLANG_WARN_CONSTANT_CONVERSION = YES;
				CLANG_WARN_DEPRECATED_OBJC_IMPLEMENTATIONS = YES;
				CLANG_WARN_DIRECT_OBJC_ISA_USAGE = YES_ERROR;
				CLANG_WARN_DOCUMENTATION_COMMENTS = YES;
				CLANG_WARN_EMPTY_BODY = YES;
				CLANG_WARN_ENUM_CONVERSION = YES;
				CLANG_WARN_INFINITE_RECURSION = YES;
				CLANG_WARN_INT_CONVERSION = YES;
				CLANG_WARN_NON_LITERAL_NULL_CONVERSION = YES;
				CLANG_WARN_OBJC_IMPLICIT_RETAIN_SELF = YES;
				CLANG_WARN_OBJC_LITERAL_CONVERSION = YES;
				CLANG_WARN_OBJC_ROOT_CLASS = YES_ERROR;
				CLANG_WARN_RANGE_LOOP_ANALYSIS = YES;
				CLANG_WARN_STRICT_PROTOTYPES = YES;
				CLANG_WARN_SUSPICIOUS_MOVE = YES;
				CLANG_WARN_UNGUARDED_AVAILABILITY = YES_AGGRESSIVE;
				CLANG_WARN_UNREACHABLE_CODE = YES;
				CLANG_WARN__DUPLICATE_METHOD_MATCH = YES;
				CODE_SIGN_IDENTITY = "iPhone Developer";
				COPY_PHASE_STRIP = NO;
				DEBUG_INFORMATION_FORMAT = dwarf;
				ENABLE_STRICT_OBJC_MSGSEND = YES;
				ENABLE_TESTABILITY = YES;
				GCC_C_LANGUAGE_STANDARD = gnu11;
				GCC_DYNAMIC_NO_PIC = NO;
				GCC_NO_COMMON_BLOCKS = YES;
				GCC_OPTIMIZATION_LEVEL = 0;
				GCC_PREPROCESSOR_DEFINITIONS = (
					"DEBUG=1",
					"$(inherited)",
				);
				GCC_WARN_64_TO_32_BIT_CONVERSION = YES;
				GCC_WARN_ABOUT_RETURN_TYPE = YES_ERROR;
				GCC_WARN_UNDECLARED_SELECTOR = YES;
				GCC_WARN_UNINITIALIZED_AUTOS = YES_AGGRESSIVE;
				GCC_WARN_UNUSED_FUNCTION = YES;
				GCC_WARN_UNUSED_VARIABLE = YES;
				IPHONEOS_DEPLOYMENT_TARGET = 12.2;
				MTL_ENABLE_DEBUG_INFO = INCLUDE_SOURCE;
				MTL_FAST_MATH = YES;
				ONLY_ACTIVE_ARCH = YES;
				SDKROOT = iphoneos;
				SWIFT_ACTIVE_COMPILATION_CONDITIONS = DEBUG;
				SWIFT_OPTIMIZATION_LEVEL = "-Onone";
			};
			name = Debug;
		};
		29C17E43230BC83F009211C7 /* Release */ = {
			isa = XCBuildConfiguration;
			buildSettings = {
				ALWAYS_SEARCH_USER_PATHS = NO;
				CLANG_ANALYZER_LOCALIZABILITY_NONLOCALIZED = YES;
				CLANG_ANALYZER_NONNULL = YES;
				CLANG_ANALYZER_NUMBER_OBJECT_CONVERSION = YES_AGGRESSIVE;
				CLANG_CXX_LANGUAGE_STANDARD = "gnu++14";
				CLANG_CXX_LIBRARY = "libc++";
				CLANG_ENABLE_MODULES = YES;
				CLANG_ENABLE_OBJC_ARC = YES;
				CLANG_ENABLE_OBJC_WEAK = YES;
				CLANG_WARN_BLOCK_CAPTURE_AUTORELEASING = YES;
				CLANG_WARN_BOOL_CONVERSION = YES;
				CLANG_WARN_COMMA = YES;
				CLANG_WARN_CONSTANT_CONVERSION = YES;
				CLANG_WARN_DEPRECATED_OBJC_IMPLEMENTATIONS = YES;
				CLANG_WARN_DIRECT_OBJC_ISA_USAGE = YES_ERROR;
				CLANG_WARN_DOCUMENTATION_COMMENTS = YES;
				CLANG_WARN_EMPTY_BODY = YES;
				CLANG_WARN_ENUM_CONVERSION = YES;
				CLANG_WARN_INFINITE_RECURSION = YES;
				CLANG_WARN_INT_CONVERSION = YES;
				CLANG_WARN_NON_LITERAL_NULL_CONVERSION = YES;
				CLANG_WARN_OBJC_IMPLICIT_RETAIN_SELF = YES;
				CLANG_WARN_OBJC_LITERAL_CONVERSION = YES;
				CLANG_WARN_OBJC_ROOT_CLASS = YES_ERROR;
				CLANG_WARN_RANGE_LOOP_ANALYSIS = YES;
				CLANG_WARN_STRICT_PROTOTYPES = YES;
				CLANG_WARN_SUSPICIOUS_MOVE = YES;
				CLANG_WARN_UNGUARDED_AVAILABILITY = YES_AGGRESSIVE;
				CLANG_WARN_UNREACHABLE_CODE = YES;
				CLANG_WARN__DUPLICATE_METHOD_MATCH = YES;
				CODE_SIGN_IDENTITY = "iPhone Developer";
				COPY_PHASE_STRIP = NO;
				DEBUG_INFORMATION_FORMAT = "dwarf-with-dsym";
				ENABLE_NS_ASSERTIONS = NO;
				ENABLE_STRICT_OBJC_MSGSEND = YES;
				GCC_C_LANGUAGE_STANDARD = gnu11;
				GCC_NO_COMMON_BLOCKS = YES;
				GCC_WARN_64_TO_32_BIT_CONVERSION = YES;
				GCC_WARN_ABOUT_RETURN_TYPE = YES_ERROR;
				GCC_WARN_UNDECLARED_SELECTOR = YES;
				GCC_WARN_UNINITIALIZED_AUTOS = YES_AGGRESSIVE;
				GCC_WARN_UNUSED_FUNCTION = YES;
				GCC_WARN_UNUSED_VARIABLE = YES;
				IPHONEOS_DEPLOYMENT_TARGET = 12.2;
				MTL_ENABLE_DEBUG_INFO = NO;
				MTL_FAST_MATH = YES;
				SDKROOT = iphoneos;
				SWIFT_COMPILATION_MODE = wholemodule;
				SWIFT_OPTIMIZATION_LEVEL = "-O";
				VALIDATE_PRODUCT = YES;
			};
			name = Release;
		};
		29C17E45230BC83F009211C7 /* Debug */ = {
			isa = XCBuildConfiguration;
			buildSettings = {
				ASSETCATALOG_COMPILER_APPICON_NAME = AppIcon;
				CODE_SIGN_STYLE = Automatic;
				DEVELOPMENT_TEAM = YBAA68UCKF;
				INFOPLIST_FILE = browser/Info.plist;
				LD_RUNPATH_SEARCH_PATHS = (
					"$(inherited)",
					"@executable_path/Frameworks",
				);
				PRODUCT_BUNDLE_IDENTIFIER = jp.crunchtimer.browser;
				PRODUCT_NAME = "$(TARGET_NAME)";
				SWIFT_VERSION = 5.0;
				TARGETED_DEVICE_FAMILY = "1,2";
			};
			name = Debug;
		};
		29C17E46230BC83F009211C7 /* Release */ = {
			isa = XCBuildConfiguration;
			buildSettings = {
				ASSETCATALOG_COMPILER_APPICON_NAME = AppIcon;
				CODE_SIGN_STYLE = Automatic;
				DEVELOPMENT_TEAM = YBAA68UCKF;
				INFOPLIST_FILE = browser/Info.plist;
				LD_RUNPATH_SEARCH_PATHS = (
					"$(inherited)",
					"@executable_path/Frameworks",
				);
				PRODUCT_BUNDLE_IDENTIFIER = jp.crunchtimer.browser;
				PRODUCT_NAME = "$(TARGET_NAME)";
				SWIFT_VERSION = 5.0;
				TARGETED_DEVICE_FAMILY = "1,2";
			};
			name = Release;
		};
		29C17E48230BC83F009211C7 /* Debug */ = {
			isa = XCBuildConfiguration;
			buildSettings = {
				ALWAYS_EMBED_SWIFT_STANDARD_LIBRARIES = YES;
				BUNDLE_LOADER = "$(TEST_HOST)";
				CODE_SIGN_STYLE = Automatic;
				DEVELOPMENT_TEAM = YBAA68UCKF;
				INFOPLIST_FILE = browserTests/Info.plist;
				LD_RUNPATH_SEARCH_PATHS = (
					"$(inherited)",
					"@executable_path/Frameworks",
					"@loader_path/Frameworks",
				);
				PRODUCT_BUNDLE_IDENTIFIER = jp.crunchtimer.browserTests;
				PRODUCT_NAME = "$(TARGET_NAME)";
				SWIFT_VERSION = 5.0;
				TARGETED_DEVICE_FAMILY = "1,2";
				TEST_HOST = "$(BUILT_PRODUCTS_DIR)/browser.app/browser";
			};
			name = Debug;
		};
		29C17E49230BC83F009211C7 /* Release */ = {
			isa = XCBuildConfiguration;
			buildSettings = {
				ALWAYS_EMBED_SWIFT_STANDARD_LIBRARIES = YES;
				BUNDLE_LOADER = "$(TEST_HOST)";
				CODE_SIGN_STYLE = Automatic;
				DEVELOPMENT_TEAM = YBAA68UCKF;
				INFOPLIST_FILE = browserTests/Info.plist;
				LD_RUNPATH_SEARCH_PATHS = (
					"$(inherited)",
					"@executable_path/Frameworks",
					"@loader_path/Frameworks",
				);
				PRODUCT_BUNDLE_IDENTIFIER = jp.crunchtimer.browserTests;
				PRODUCT_NAME = "$(TARGET_NAME)";
				SWIFT_VERSION = 5.0;
				TARGETED_DEVICE_FAMILY = "1,2";
				TEST_HOST = "$(BUILT_PRODUCTS_DIR)/browser.app/browser";
			};
			name = Release;
		};
		29C17E4B230BC83F009211C7 /* Debug */ = {
			isa = XCBuildConfiguration;
			buildSettings = {
				ALWAYS_EMBED_SWIFT_STANDARD_LIBRARIES = YES;
				CODE_SIGN_STYLE = Automatic;
				DEVELOPMENT_TEAM = YBAA68UCKF;
				INFOPLIST_FILE = browserUITests/Info.plist;
				LD_RUNPATH_SEARCH_PATHS = (
					"$(inherited)",
					"@executable_path/Frameworks",
					"@loader_path/Frameworks",
				);
				PRODUCT_BUNDLE_IDENTIFIER = jp.crunchtimer.browserUITests;
				PRODUCT_NAME = "$(TARGET_NAME)";
				SWIFT_VERSION = 5.0;
				TARGETED_DEVICE_FAMILY = "1,2";
				TEST_TARGET_NAME = browser;
			};
			name = Debug;
		};
		29C17E4C230BC83F009211C7 /* Release */ = {
			isa = XCBuildConfiguration;
			buildSettings = {
				ALWAYS_EMBED_SWIFT_STANDARD_LIBRARIES = YES;
				CODE_SIGN_STYLE = Automatic;
				DEVELOPMENT_TEAM = YBAA68UCKF;
				INFOPLIST_FILE = browserUITests/Info.plist;
				LD_RUNPATH_SEARCH_PATHS = (
					"$(inherited)",
					"@executable_path/Frameworks",
					"@loader_path/Frameworks",
				);
				PRODUCT_BUNDLE_IDENTIFIER = jp.crunchtimer.browserUITests;
				PRODUCT_NAME = "$(TARGET_NAME)";
				SWIFT_VERSION = 5.0;
				TARGETED_DEVICE_FAMILY = "1,2";
				TEST_TARGET_NAME = browser;
			};
			name = Release;
		};
/* End XCBuildConfiguration section */

/* Begin XCConfigurationList section */
		29C17E17230BC83E009211C7 /* Build configuration list for PBXProject "browser" */ = {
			isa = XCConfigurationList;
			buildConfigurations = (
				29C17E42230BC83F009211C7 /* Debug */,
				29C17E43230BC83F009211C7 /* Release */,
			);
			defaultConfigurationIsVisible = 0;
			defaultConfigurationName = Release;
		};
		29C17E44230BC83F009211C7 /* Build configuration list for PBXNativeTarget "browser" */ = {
			isa = XCConfigurationList;
			buildConfigurations = (
				29C17E45230BC83F009211C7 /* Debug */,
				29C17E46230BC83F009211C7 /* Release */,
			);
			defaultConfigurationIsVisible = 0;
			defaultConfigurationName = Release;
		};
		29C17E47230BC83F009211C7 /* Build configuration list for PBXNativeTarget "browserTests" */ = {
			isa = XCConfigurationList;
			buildConfigurations = (
				29C17E48230BC83F009211C7 /* Debug */,
				29C17E49230BC83F009211C7 /* Release */,
			);
			defaultConfigurationIsVisible = 0;
			defaultConfigurationName = Release;
		};
		29C17E4A230BC83F009211C7 /* Build configuration list for PBXNativeTarget "browserUITests" */ = {
			isa = XCConfigurationList;
			buildConfigurations = (
				29C17E4B230BC83F009211C7 /* Debug */,
				29C17E4C230BC83F009211C7 /* Release */,
			);
			defaultConfigurationIsVisible = 0;
			defaultConfigurationName = Release;
		};
/* End XCConfigurationList section */
	};
	rootObject = 29C17E14230BC83E009211C7 /* Project object */;
}
